
Microsoft Visual Studio Solution File, Format Version 12.00
# Visual Studio Version 17
VisualStudioVersion = 17.4.33213.308
MinimumVisualStudioVersion = 10.0.40219.1
Project("{FAE04EC0-301F-11D3-BF4B-00C04F79EFBC}") = "MongoDbDriverSampleApp", "MongoDbDriverSampleApp\MongoDbDriverSampleApp.csproj", "{09DEF7E8-71D5-476D-B8F4-007A6F703D41}"
EndProject
Global
	GlobalSection(SolutionConfigurationPlatforms) = preSolution
		Debug|Any CPU = Debug|Any CPU
		Release|Any CPU = Release|Any CPU
	EndGlobalSection
	GlobalSection(ProjectConfigurationPlatforms) = postSolution
		{09DEF7E8-71D5-476D-B8F4-007A6F703D41}.Debug|Any CPU.ActiveCfg = Debug|Any CPU
		{09DEF7E8-71D5-476D-B8F4-007A6F703D41}.Debug|Any CPU.Build.0 = Debug|Any CPU
		{09DEF7E8-71D5-476D-B8F4-007A6F703D41}.Release|Any CPU.ActiveCfg = Release|Any CPU
		{09DEF7E8-71D5-476D-B8F4-007A6F703D41}.Release|Any CPU.Build.0 = Release|Any CPU
	EndGlobalSection
	GlobalSection(SolutionProperties) = preSolution
		HideSolutionNode = FALSE
	EndGlobalSection
	GlobalSection(ExtensibilityGlobals) = postSolution
		SolutionGuid = {497C6B3D-A51B-4085-AD00-A5B2C0FE9E7B}
	EndGlobalSection
EndGlobal
